
Microsoft Visual Studio Solution File, Format Version 12.00
# Visual Studio 15
VisualStudioVersion = 15.0.27703.2018
MinimumVisualStudioVersion = 10.0.40219.1
Project("{FAE04EC0-301F-11D3-BF4B-00C04F79EFBC}") = "Numbers 2", "Numbers 2\Numbers 2.csproj", "{0D30307D-86DA-465F-B706-4BC72674031D}"
EndProject
Global
	GlobalSection(SolutionConfigurationPlatforms) = preSolution
		Debug|Any CPU = Debug|Any CPU
		Release|Any CPU = Release|Any CPU
	EndGlobalSection
	GlobalSection(ProjectConfigurationPlatforms) = postSolution
		{0D30307D-86DA-465F-B706-4BC72674031D}.Debug|Any CPU.ActiveCfg = Debug|Any CPU
		{0D30307D-86DA-465F-B706-4BC72674031D}.Debug|Any CPU.Build.0 = Debug|Any CPU
		{0D30307D-86DA-465F-B706-4BC72674031D}.Release|Any CPU.ActiveCfg = Release|Any CPU
		{0D30307D-86DA-465F-B706-4BC72674031D}.Release|Any CPU.Build.0 = Release|Any CPU
	EndGlobalSection
	GlobalSection(SolutionProperties) = preSolution
		HideSolutionNode = FALSE
	EndGlobalSection
	GlobalSection(ExtensibilityGlobals) = postSolution
		SolutionGuid = {F38B8546-A9F5-4779-8D64-DDAA1AFE7720}
	EndGlobalSection
EndGlobal
